
Microsoft Visual Studio Solution File, Format Version 12.00
# Visual Studio 2013
VisualStudioVersion = 12.0.31101.0
MinimumVisualStudioVersion = 10.0.40219.1
Project("{2150E333-8FDC-42A3-9474-1A3956D46DE8}") = "FootballCoach", "FootballCoach", "{02A0245F-FFE6-4F06-B44B-DCDC6E8D9310}"
EndProject
Project("{D954291E-2A0B-460D-934E-DC6B0785DB48}") = "FootballCoach.Shared", "FootballCoach\FootballCoach.Shared\FootballCoach.Shared.shproj", "{2CF5D456-5EC6-448E-9A61-7E55E9F06F39}"
EndProject
Project("{FAE04EC0-301F-11D3-BF4B-00C04F79EFBC}") = "FootballCoach.Windows", "FootballCoach\FootballCoach.Windows\FootballCoach.Windows.csproj", "{82C1F63C-F1D4-40C7-8419-FCE36EEA185C}"
EndProject
Project("{FAE04EC0-301F-11D3-BF4B-00C04F79EFBC}") = "FootballCoach.WindowsPhone", "FootballCoach\FootballCoach.WindowsPhone\FootballCoach.WindowsPhone.csproj", "{F24BE9E5-F80E-4762-A6C2-4B8B6CF43495}"
EndProject
Project("{2150E333-8FDC-42A3-9474-1A3956D46DE8}") = "Service", "Service", "{457B36B4-63EA-456C-87B3-A3C34DD9E5E0}"
EndProject
Project("{2150E333-8FDC-42A3-9474-1A3956D46DE8}") = "Model", "Model", "{D09DF9BB-F567-4E71-A810-20BF9067CDCE}"
EndProject
Project("{FAE04EC0-301F-11D3-BF4B-00C04F79EFBC}") = "FootballCoach.WebAPI", "Service\FootballCoach.WebAPI\FootballCoach.WebAPI.csproj", "{EB7EB402-DE75-40B1-B723-FCE27AD4131E}"
EndProject
Project("{FAE04EC0-301F-11D3-BF4B-00C04F79EFBC}") = "FootballCoach.Model", "Model\FootballCoach.Model\FootballCoach.Model.csproj", "{6F842DBB-8AD0-4277-AF07-15A0F5EA45A9}"
EndProject
Project("{FAE04EC0-301F-11D3-BF4B-00C04F79EFBC}") = "FootballCoach.Model.Portable", "Model\FootballCoach.Model.Portable\FootballCoach.Model.Portable.csproj", "{AFCE7D6E-B2CC-4354-8C7A-1938BDEA223C}"
EndProject
Global
	GlobalSection(SharedMSBuildProjectFiles) = preSolution
		FootballCoach\FootballCoach.Shared\FootballCoach.Shared.projitems*{82c1f63c-f1d4-40c7-8419-fce36eea185c}*SharedItemsImports = 4
		FootballCoach\FootballCoach.Shared\FootballCoach.Shared.projitems*{2cf5d456-5ec6-448e-9a61-7e55e9f06f39}*SharedItemsImports = 13
		FootballCoach\FootballCoach.Shared\FootballCoach.Shared.projitems*{f24be9e5-f80e-4762-a6c2-4b8b6cf43495}*SharedItemsImports = 4
	EndGlobalSection
	GlobalSection(SolutionConfigurationPlatforms) = preSolution
		Debug|Any CPU = Debug|Any CPU
		Debug|ARM = Debug|ARM
		Debug|x64 = Debug|x64
		Debug|x86 = Debug|x86
		Release|Any CPU = Release|Any CPU
		Release|ARM = Release|ARM
		Release|x64 = Release|x64
		Release|x86 = Release|x86
	EndGlobalSection
	GlobalSection(ProjectConfigurationPlatforms) = postSolution
		{82C1F63C-F1D4-40C7-8419-FCE36EEA185C}.Debug|Any CPU.ActiveCfg = Debug|Any CPU
		{82C1F63C-F1D4-40C7-8419-FCE36EEA185C}.Debug|Any CPU.Build.0 = Debug|Any CPU
		{82C1F63C-F1D4-40C7-8419-FCE36EEA185C}.Debug|Any CPU.Deploy.0 = Debug|Any CPU
		{82C1F63C-F1D4-40C7-8419-FCE36EEA185C}.Debug|ARM.ActiveCfg = Debug|ARM
		{82C1F63C-F1D4-40C7-8419-FCE36EEA185C}.Debug|ARM.Build.0 = Debug|ARM
		{82C1F63C-F1D4-40C7-8419-FCE36EEA185C}.Debug|ARM.Deploy.0 = Debug|ARM
		{82C1F63C-F1D4-40C7-8419-FCE36EEA185C}.Debug|x64.ActiveCfg = Debug|x64
		{82C1F63C-F1D4-40C7-8419-FCE36EEA185C}.Debug|x64.Build.0 = Debug|x64
		{82C1F63C-F1D4-40C7-8419-FCE36EEA185C}.Debug|x64.Deploy.0 = Debug|x64
		{82C1F63C-F1D4-40C7-8419-FCE36EEA185C}.Debug|x86.ActiveCfg = Debug|x86
		{82C1F63C-F1D4-40C7-8419-FCE36EEA185C}.Debug|x86.Build.0 = Debug|x86
		{82C1F63C-F1D4-40C7-8419-FCE36EEA185C}.Debug|x86.Deploy.0 = Debug|x86
		{82C1F63C-F1D4-40C7-8419-FCE36EEA185C}.Release|Any CPU.ActiveCfg = Release|Any CPU
		{82C1F63C-F1D4-40C7-8419-FCE36EEA185C}.Release|Any CPU.Build.0 = Release|Any CPU
		{82C1F63C-F1D4-40C7-8419-FCE36EEA185C}.Release|Any CPU.Deploy.0 = Release|Any CPU
		{82C1F63C-F1D4-40C7-8419-FCE36EEA185C}.Release|ARM.ActiveCfg = Release|ARM
		{82C1F63C-F1D4-40C7-8419-FCE36EEA185C}.Release|ARM.Build.0 = Release|ARM
		{82C1F63C-F1D4-40C7-8419-FCE36EEA185C}.Release|ARM.Deploy.0 = Release|ARM
		{82C1F63C-F1D4-40C7-8419-FCE36EEA185C}.Release|x64.ActiveCfg = Release|x64
		{82C1F63C-F1D4-40C7-8419-FCE36EEA185C}.Release|x64.Build.0 = Release|x64
		{82C1F63C-F1D4-40C7-8419-FCE36EEA185C}.Release|x64.Deploy.0 = Release|x64
		{82C1F63C-F1D4-40C7-8419-FCE36EEA185C}.Release|x86.ActiveCfg = Release|x86
		{82C1F63C-F1D4-40C7-8419-FCE36EEA185C}.Release|x86.Build.0 = Release|x86
		{82C1F63C-F1D4-40C7-8419-FCE36EEA185C}.Release|x86.Deploy.0 = Release|x86
		{F24BE9E5-F80E-4762-A6C2-4B8B6CF43495}.Debug|Any CPU.ActiveCfg = Debug|Any CPU
		{F24BE9E5-F80E-4762-A6C2-4B8B6CF43495}.Debug|Any CPU.Build.0 = Debug|Any CPU
		{F24BE9E5-F80E-4762-A6C2-4B8B6CF43495}.Debug|Any CPU.Deploy.0 = Debug|Any CPU
		{F24BE9E5-F80E-4762-A6C2-4B8B6CF43495}.Debug|ARM.ActiveCfg = Debug|ARM
		{F24BE9E5-F80E-4762-A6C2-4B8B6CF43495}.Debug|ARM.Build.0 = Debug|ARM
		{F24BE9E5-F80E-4762-A6C2-4B8B6CF43495}.Debug|ARM.Deploy.0 = Debug|ARM
		{F24BE9E5-F80E-4762-A6C2-4B8B6CF43495}.Debug|x64.ActiveCfg = Debug|Any CPU
		{F24BE9E5-F80E-4762-A6C2-4B8B6CF43495}.Debug|x86.ActiveCfg = Debug|x86
		{F24BE9E5-F80E-4762-A6C2-4B8B6CF43495}.Debug|x86.Build.0 = Debug|x86
		{F24BE9E5-F80E-4762-A6C2-4B8B6CF43495}.Debug|x86.Deploy.0 = Debug|x86
		{F24BE9E5-F80E-4762-A6C2-4B8B6CF43495}.Release|Any CPU.ActiveCfg = Release|Any CPU
		{F24BE9E5-F80E-4762-A6C2-4B8B6CF43495}.Release|Any CPU.Build.0 = Release|Any CPU
		{F24BE9E5-F80E-4762-A6C2-4B8B6CF43495}.Release|Any CPU.Deploy.0 = Release|Any CPU
		{F24BE9E5-F80E-4762-A6C2-4B8B6CF43495}.Release|ARM.ActiveCfg = Release|ARM
		{F24BE9E5-F80E-4762-A6C2-4B8B6CF43495}.Release|ARM.Build.0 = Release|ARM
		{F24BE9E5-F80E-4762-A6C2-4B8B6CF43495}.Release|ARM.Deploy.0 = Release|ARM
		{F24BE9E5-F80E-4762-A6C2-4B8B6CF43495}.Release|x64.ActiveCfg = Release|Any CPU
		{F24BE9E5-F80E-4762-A6C2-4B8B6CF43495}.Release|x86.ActiveCfg = Release|x86
		{F24BE9E5-F80E-4762-A6C2-4B8B6CF43495}.Release|x86.Build.0 = Release|x86
		{F24BE9E5-F80E-4762-A6C2-4B8B6CF43495}.Release|x86.Deploy.0 = Release|x86
		{EB7EB402-DE75-40B1-B723-FCE27AD4131E}.Debug|Any CPU.ActiveCfg = Debug|Any CPU
		{EB7EB402-DE75-40B1-B723-FCE27AD4131E}.Debug|Any CPU.Build.0 = Debug|Any CPU
		{EB7EB402-DE75-40B1-B723-FCE27AD4131E}.Debug|ARM.ActiveCfg = Debug|Any CPU
		{EB7EB402-DE75-40B1-B723-FCE27AD4131E}.Debug|x64.ActiveCfg = Debug|Any CPU
		{EB7EB402-DE75-40B1-B723-FCE27AD4131E}.Debug|x86.ActiveCfg = Debug|Any CPU
		{EB7EB402-DE75-40B1-B723-FCE27AD4131E}.Release|Any CPU.ActiveCfg = Release|Any CPU
		{EB7EB402-DE75-40B1-B723-FCE27AD4131E}.Release|Any CPU.Build.0 = Release|Any CPU
		{EB7EB402-DE75-40B1-B723-FCE27AD4131E}.Release|ARM.ActiveCfg = Release|Any CPU
		{EB7EB402-DE75-40B1-B723-FCE27AD4131E}.Release|x64.ActiveCfg = Release|Any CPU
		{EB7EB402-DE75-40B1-B723-FCE27AD4131E}.Release|x86.ActiveCfg = Release|Any CPU
		{6F842DBB-8AD0-4277-AF07-15A0F5EA45A9}.Debug|Any CPU.ActiveCfg = Debug|Any CPU
		{6F842DBB-8AD0-4277-AF07-15A0F5EA45A9}.Debug|Any CPU.Build.0 = Debug|Any CPU
		{6F842DBB-8AD0-4277-AF07-15A0F5EA45A9}.Debug|ARM.ActiveCfg = Debug|Any CPU
		{6F842DBB-8AD0-4277-AF07-15A0F5EA45A9}.Debug|x64.ActiveCfg = Debug|Any CPU
		{6F842DBB-8AD0-4277-AF07-15A0F5EA45A9}.Debug|x86.ActiveCfg = Debug|Any CPU
		{6F842DBB-8AD0-4277-AF07-15A0F5EA45A9}.Release|Any CPU.ActiveCfg = Release|Any CPU
		{6F842DBB-8AD0-4277-AF07-15A0F5EA45A9}.Release|Any CPU.Build.0 = Release|Any CPU
		{6F842DBB-8AD0-4277-AF07-15A0F5EA45A9}.Release|ARM.ActiveCfg = Release|Any CPU
		{6F842DBB-8AD0-4277-AF07-15A0F5EA45A9}.Release|x64.ActiveCfg = Release|Any CPU
		{6F842DBB-8AD0-4277-AF07-15A0F5EA45A9}.Release|x86.ActiveCfg = Release|Any CPU
		{AFCE7D6E-B2CC-4354-8C7A-1938BDEA223C}.Debug|Any CPU.ActiveCfg = Debug|Any CPU
		{AFCE7D6E-B2CC-4354-8C7A-1938BDEA223C}.Debug|Any CPU.Build.0 = Debug|Any CPU
		{AFCE7D6E-B2CC-4354-8C7A-1938BDEA223C}.Debug|ARM.ActiveCfg = Debug|Any CPU
		{AFCE7D6E-B2CC-4354-8C7A-1938BDEA223C}.Debug|x64.ActiveCfg = Debug|Any CPU
		{AFCE7D6E-B2CC-4354-8C7A-1938BDEA223C}.Debug|x86.ActiveCfg = Debug|Any CPU
		{AFCE7D6E-B2CC-4354-8C7A-1938BDEA223C}.Release|Any CPU.ActiveCfg = Release|Any CPU
		{AFCE7D6E-B2CC-4354-8C7A-1938BDEA223C}.Release|Any CPU.Build.0 = Release|Any CPU
		{AFCE7D6E-B2CC-4354-8C7A-1938BDEA223C}.Release|ARM.ActiveCfg = Release|Any CPU
		{AFCE7D6E-B2CC-4354-8C7A-1938BDEA223C}.Release|x64.ActiveCfg = Release|Any CPU
		{AFCE7D6E-B2CC-4354-8C7A-1938BDEA223C}.Release|x86.ActiveCfg = Release|Any CPU
	EndGlobalSection
	GlobalSection(SolutionProperties) = preSolution
		HideSolutionNode = FALSE
	EndGlobalSection
	GlobalSection(NestedProjects) = preSolution
		{2CF5D456-5EC6-448E-9A61-7E55E9F06F39} = {02A0245F-FFE6-4F06-B44B-DCDC6E8D9310}
		{82C1F63C-F1D4-40C7-8419-FCE36EEA185C} = {02A0245F-FFE6-4F06-B44B-DCDC6E8D9310}
		{F24BE9E5-F80E-4762-A6C2-4B8B6CF43495} = {02A0245F-FFE6-4F06-B44B-DCDC6E8D9310}
		{EB7EB402-DE75-40B1-B723-FCE27AD4131E} = {457B36B4-63EA-456C-87B3-A3C34DD9E5E0}
		{6F842DBB-8AD0-4277-AF07-15A0F5EA45A9} = {D09DF9BB-F567-4E71-A810-20BF9067CDCE}
		{AFCE7D6E-B2CC-4354-8C7A-1938BDEA223C} = {D09DF9BB-F567-4E71-A810-20BF9067CDCE}
	EndGlobalSection
EndGlobal
